
Microsoft Visual Studio Solution File, Format Version 12.00
Project("{FAE04EC0-301F-11D3-BF4B-00C04F79EFBC}") = "Yukes Mod Loader", "Yukes Mod Loader\Yukes Mod Loader.csproj", "{27F3BBF5-0AA8-403D-A402-75AD70C30FF1}"
EndProject
Project("{FAE04EC0-301F-11D3-BF4B-00C04F79EFBC}") = "Yukes Mod Loader GUI", "Yukes Mod Loader GUI\Yukes Mod Loader GUI.csproj", "{C19FAE22-2216-4B37-9C13-21C580D72715}"
EndProject
Global
	GlobalSection(SolutionConfigurationPlatforms) = preSolution
		Debug|Any CPU = Debug|Any CPU
		Release|Any CPU = Release|Any CPU
	EndGlobalSection
	GlobalSection(ProjectConfigurationPlatforms) = postSolution
		{27F3BBF5-0AA8-403D-A402-75AD70C30FF1}.Debug|Any CPU.ActiveCfg = Debug|Any CPU
		{27F3BBF5-0AA8-403D-A402-75AD70C30FF1}.Debug|Any CPU.Build.0 = Debug|Any CPU
		{27F3BBF5-0AA8-403D-A402-75AD70C30FF1}.Release|Any CPU.ActiveCfg = Release|Any CPU
		{27F3BBF5-0AA8-403D-A402-75AD70C30FF1}.Release|Any CPU.Build.0 = Release|Any CPU
		{C19FAE22-2216-4B37-9C13-21C580D72715}.Debug|Any CPU.ActiveCfg = Debug|Any CPU
		{C19FAE22-2216-4B37-9C13-21C580D72715}.Debug|Any CPU.Build.0 = Debug|Any CPU
		{C19FAE22-2216-4B37-9C13-21C580D72715}.Release|Any CPU.ActiveCfg = Release|Any CPU
		{C19FAE22-2216-4B37-9C13-21C580D72715}.Release|Any CPU.Build.0 = Release|Any CPU
	EndGlobalSection
EndGlobal
